
Microsoft Visual Studio Solution File, Format Version 12.00
# Visual Studio 15
VisualStudioVersion = 15.0.27004.2006
MinimumVisualStudioVersion = 10.0.40219.1
Project("{911E67C6-3D85-4FCE-B560-20A9C3E3FF48}") = "test", "test.exe", "{8D6257E8-28FD-47B2-91AB-0F2877602834}"
	ProjectSection(DebuggerProjectSystem) = preProject
		PortSupplier = 00000000-0000-0000-0000-000000000000
		Executable = C:\Users\pierr\introprog-wise1718\Aufgaben\Blatt10\Vorgaben\test.exe
		RemoteMachine = DESKTOP-6TG92DR
		StartingDirectory = C:\Users\pierr\introprog-wise1718\Aufgaben\Blatt10\Vorgaben
		Environment = Default
		LaunchingEngine = 00000000-0000-0000-0000-000000000000
		UseLegacyDebugEngines = No
		LaunchSQLEngine = No
		AttachLaunchAction = No
	EndProjectSection
EndProject
Global
	GlobalSection(SolutionConfigurationPlatforms) = preSolution
		Release|x86 = Release|x86
	EndGlobalSection
	GlobalSection(ProjectConfigurationPlatforms) = postSolution
		{8D6257E8-28FD-47B2-91AB-0F2877602834}.Release|x86.ActiveCfg = Release|x86
	EndGlobalSection
	GlobalSection(SolutionProperties) = preSolution
		HideSolutionNode = FALSE
	EndGlobalSection
	GlobalSection(ExtensibilityGlobals) = postSolution
		SolutionGuid = {D99050DA-A96D-40C6-BB78-F7C1CA80877D}
	EndGlobalSection
EndGlobal
